// !$*UTF8*$!
{
	archiveVersion = 1;
	classes = {
	};
	objectVersion = 50;
	objects = {

/* Begin PBXBuildFile section */
		39A34CD1D2F553BBCDAB1A91 /* Pods_NBAliteUITests.framework in Frameworks */ = {isa = PBXBuildFile; fileRef = 42EEF4B2395261CFA2ADE770 /* Pods_NBAliteUITests.framework */; };
		8527732A20D1777200E75F06 /* AppDelegate.swift in Sources */ = {isa = PBXBuildFile; fileRef = 8527732920D1777200E75F06 /* AppDelegate.swift */; };
		8527732C20D1777300E75F06 /* ViewController.swift in Sources */ = {isa = PBXBuildFile; fileRef = 8527732B20D1777300E75F06 /* ViewController.swift */; };
		8527733120D1777600E75F06 /* Assets.xcassets in Resources */ = {isa = PBXBuildFile; fileRef = 8527733020D1777600E75F06 /* Assets.xcassets */; };
		8527733F20D1777700E75F06 /* NBAliteTests.swift in Sources */ = {isa = PBXBuildFile; fileRef = 8527733E20D1777700E75F06 /* NBAliteTests.swift */; };
		8527734A20D1777700E75F06 /* NBAliteUITests.swift in Sources */ = {isa = PBXBuildFile; fileRef = 8527734920D1777700E75F06 /* NBAliteUITests.swift */; };
		8527735920D22EF900E75F06 /* TeamCell.swift in Sources */ = {isa = PBXBuildFile; fileRef = 8527735820D22EF900E75F06 /* TeamCell.swift */; };
		8527735F20D2318B00E75F06 /* Team.swift in Sources */ = {isa = PBXBuildFile; fileRef = 8527735E20D2318B00E75F06 /* Team.swift */; };
		8527736320D254D300E75F06 /* Nba_logo.json in Resources */ = {isa = PBXBuildFile; fileRef = 8527736220D254D300E75F06 /* Nba_logo.json */; };
		8527736820D5E48100E75F06 /* PlayerView.swift in Sources */ = {isa = PBXBuildFile; fileRef = 8527736720D5E48100E75F06 /* PlayerView.swift */; };
		8527736C20D5EAEC00E75F06 /* NavController.swift in Sources */ = {isa = PBXBuildFile; fileRef = 8527736B20D5EAEC00E75F06 /* NavController.swift */; };
		853FDE2520D60D5B004557E0 /* PlayerCell.swift in Sources */ = {isa = PBXBuildFile; fileRef = 853FDE2420D60D5B004557E0 /* PlayerCell.swift */; };
		853FDE2720D60DA3004557E0 /* Player.swift in Sources */ = {isa = PBXBuildFile; fileRef = 853FDE2620D60DA3004557E0 /* Player.swift */; };
		856F07DA20DD80DF0048784D /* Video.swift in Sources */ = {isa = PBXBuildFile; fileRef = 856F07D920DD80DF0048784D /* Video.swift */; };
		856F07DE20DD85F10048784D /* VideoView.swift in Sources */ = {isa = PBXBuildFile; fileRef = 856F07DD20DD85F10048784D /* VideoView.swift */; };
		856F07E220DDB3B50048784D /* VideoSingleView.swift in Sources */ = {isa = PBXBuildFile; fileRef = 856F07E120DDB3B50048784D /* VideoSingleView.swift */; };
		856F07E820DDB5E90048784D /* VideoCell.swift in Sources */ = {isa = PBXBuildFile; fileRef = 856F07E720DDB5E90048784D /* VideoCell.swift */; };
		85B18C6F20D7EECC007B879B /* TeamMenu.swift in Sources */ = {isa = PBXBuildFile; fileRef = 85B18C6E20D7EECC007B879B /* TeamMenu.swift */; };
		85B18C7120D80175007B879B /* MenuCell.swift in Sources */ = {isa = PBXBuildFile; fileRef = 85B18C7020D80175007B879B /* MenuCell.swift */; };
		85B18C7320D80D66007B879B /* Menu.swift in Sources */ = {isa = PBXBuildFile; fileRef = 85B18C7220D80D66007B879B /* Menu.swift */; };
		E80C9BB6CCB4DABBAA6F2FFA /* Pods_NBAliteTests.framework in Frameworks */ = {isa = PBXBuildFile; fileRef = 5D6459A49696A4FD3F84B0C0 /* Pods_NBAliteTests.framework */; };
		ECE9E69BE3DDCE0F677BE975 /* Pods_NBAlite.framework in Frameworks */ = {isa = PBXBuildFile; fileRef = 10FE0C54A77F4FF33610B9E2 /* Pods_NBAlite.framework */; };
/* End PBXBuildFile section */

/* Begin PBXContainerItemProxy section */
		8527733B20D1777700E75F06 /* PBXContainerItemProxy */ = {
			isa = PBXContainerItemProxy;
			containerPortal = 8527731E20D1777200E75F06 /* Project object */;
			proxyType = 1;
			remoteGlobalIDString = 8527732520D1777200E75F06;
			remoteInfo = NBAlite;
		};
		8527734620D1777700E75F06 /* PBXContainerItemProxy */ = {
			isa = PBXContainerItemProxy;
			containerPortal = 8527731E20D1777200E75F06 /* Project object */;
			proxyType = 1;
			remoteGlobalIDString = 8527732520D1777200E75F06;
			remoteInfo = NBAlite;
		};
/* End PBXContainerItemProxy section */

/* Begin PBXFileReference section */
		102A09B39F95DA866412A7AD /* Pods-NBAliteUITests.release.xcconfig */ = {isa = PBXFileReference; includeInIndex = 1; lastKnownFileType = text.xcconfig; name = "Pods-NBAliteUITests.release.xcconfig"; path = "Pods/Target Support Files/Pods-NBAliteUITests/Pods-NBAliteUITests.release.xcconfig"; sourceTree = "<group>"; };
		10FE0C54A77F4FF33610B9E2 /* Pods_NBAlite.framework */ = {isa = PBXFileReference; explicitFileType = wrapper.framework; includeInIndex = 0; path = Pods_NBAlite.framework; sourceTree = BUILT_PRODUCTS_DIR; };
		42EEF4B2395261CFA2ADE770 /* Pods_NBAliteUITests.framework */ = {isa = PBXFileReference; explicitFileType = wrapper.framework; includeInIndex = 0; path = Pods_NBAliteUITests.framework; sourceTree = BUILT_PRODUCTS_DIR; };
		4F872F289007CDC4E7B5BC04 /* Pods-NBAliteTests.debug.xcconfig */ = {isa = PBXFileReference; includeInIndex = 1; lastKnownFileType = text.xcconfig; name = "Pods-NBAliteTests.debug.xcconfig"; path = "Pods/Target Support Files/Pods-NBAliteTests/Pods-NBAliteTests.debug.xcconfig"; sourceTree = "<group>"; };
		5D6459A49696A4FD3F84B0C0 /* Pods_NBAliteTests.framework */ = {isa = PBXFileReference; explicitFileType = wrapper.framework; includeInIndex = 0; path = Pods_NBAliteTests.framework; sourceTree = BUILT_PRODUCTS_DIR; };
		8527732620D1777200E75F06 /* NBAlite.app */ = {isa = PBXFileReference; explicitFileType = wrapper.application; includeInIndex = 0; path = NBAlite.app; sourceTree = BUILT_PRODUCTS_DIR; };
		8527732920D1777200E75F06 /* AppDelegate.swift */ = {isa = PBXFileReference; lastKnownFileType = sourcecode.swift; path = AppDelegate.swift; sourceTree = "<group>"; };
		8527732B20D1777300E75F06 /* ViewController.swift */ = {isa = PBXFileReference; lastKnownFileType = sourcecode.swift; path = ViewController.swift; sourceTree = "<group>"; };
		8527733020D1777600E75F06 /* Assets.xcassets */ = {isa = PBXFileReference; lastKnownFileType = folder.assetcatalog; path = Assets.xcassets; sourceTree = "<group>"; };
		8527733520D1777600E75F06 /* Info.plist */ = {isa = PBXFileReference; lastKnownFileType = text.plist.xml; path = Info.plist; sourceTree = "<group>"; };
		8527733A20D1777700E75F06 /* NBAliteTests.xctest */ = {isa = PBXFileReference; explicitFileType = wrapper.cfbundle; includeInIndex = 0; path = NBAliteTests.xctest; sourceTree = BUILT_PRODUCTS_DIR; };
		8527733E20D1777700E75F06 /* NBAliteTests.swift */ = {isa = PBXFileReference; lastKnownFileType = sourcecode.swift; path = NBAliteTests.swift; sourceTree = "<group>"; };
		8527734020D1777700E75F06 /* Info.plist */ = {isa = PBXFileReference; lastKnownFileType = text.plist.xml; path = Info.plist; sourceTree = "<group>"; };
		8527734520D1777700E75F06 /* NBAliteUITests.xctest */ = {isa = PBXFileReference; explicitFileType = wrapper.cfbundle; includeInIndex = 0; path = NBAliteUITests.xctest; sourceTree = BUILT_PRODUCTS_DIR; };
		8527734920D1777700E75F06 /* NBAliteUITests.swift */ = {isa = PBXFileReference; lastKnownFileType = sourcecode.swift; path = NBAliteUITests.swift; sourceTree = "<group>"; };
		8527734B20D1777700E75F06 /* Info.plist */ = {isa = PBXFileReference; lastKnownFileType = text.plist.xml; path = Info.plist; sourceTree = "<group>"; };
		8527735820D22EF900E75F06 /* TeamCell.swift */ = {isa = PBXFileReference; lastKnownFileType = sourcecode.swift; path = TeamCell.swift; sourceTree = "<group>"; };
		8527735E20D2318B00E75F06 /* Team.swift */ = {isa = PBXFileReference; lastKnownFileType = sourcecode.swift; path = Team.swift; sourceTree = "<group>"; };
		8527736220D254D300E75F06 /* Nba_logo.json */ = {isa = PBXFileReference; fileEncoding = 4; lastKnownFileType = text.json; name = Nba_logo.json; path = ../../../Downloads/Nba_logo.json; sourceTree = "<group>"; };
		8527736720D5E48100E75F06 /* PlayerView.swift */ = {isa = PBXFileReference; lastKnownFileType = sourcecode.swift; path = PlayerView.swift; sourceTree = "<group>"; };
		8527736B20D5EAEC00E75F06 /* NavController.swift */ = {isa = PBXFileReference; lastKnownFileType = sourcecode.swift; path = NavController.swift; sourceTree = "<group>"; };
		853FDE2420D60D5B004557E0 /* PlayerCell.swift */ = {isa = PBXFileReference; lastKnownFileType = sourcecode.swift; path = PlayerCell.swift; sourceTree = "<group>"; };
		853FDE2620D60DA3004557E0 /* Player.swift */ = {isa = PBXFileReference; lastKnownFileType = sourcecode.swift; path = Player.swift; sourceTree = "<group>"; };
		856F07D920DD80DF0048784D /* Video.swift */ = {isa = PBXFileReference; lastKnownFileType = sourcecode.swift; path = Video.swift; sourceTree = "<group>"; };
		856F07DD20DD85F10048784D /* VideoView.swift */ = {isa = PBXFileReference; lastKnownFileType = sourcecode.swift; path = VideoView.swift; sourceTree = "<group>"; };
		856F07E120DDB3B50048784D /* VideoSingleView.swift */ = {isa = PBXFileReference; lastKnownFileType = sourcecode.swift; path = VideoSingleView.swift; sourceTree = "<group>"; };
		856F07E720DDB5E90048784D /* VideoCell.swift */ = {isa = PBXFileReference; fileEncoding = 4; lastKnownFileType = sourcecode.swift; name = VideoCell.swift; path = ../../../../.Trash/VideoCell.swift; sourceTree = "<group>"; };
		85B18C6E20D7EECC007B879B /* TeamMenu.swift */ = {isa = PBXFileReference; lastKnownFileType = sourcecode.swift; path = TeamMenu.swift; sourceTree = "<group>"; };
		85B18C7020D80175007B879B /* MenuCell.swift */ = {isa = PBXFileReference; lastKnownFileType = sourcecode.swift; path = MenuCell.swift; sourceTree = "<group>"; };
		85B18C7220D80D66007B879B /* Menu.swift */ = {isa = PBXFileReference; lastKnownFileType = sourcecode.swift; path = Menu.swift; sourceTree = "<group>"; };
		BA650779FDECD71D4B30D399 /* Pods-NBAliteTests.release.xcconfig */ = {isa = PBXFileReference; includeInIndex = 1; lastKnownFileType = text.xcconfig; name = "Pods-NBAliteTests.release.xcconfig"; path = "Pods/Target Support Files/Pods-NBAliteTests/Pods-NBAliteTests.release.xcconfig"; sourceTree = "<group>"; };
		C9B0C980CBAA2DAE8115DB32 /* Pods-NBAlite.release.xcconfig */ = {isa = PBXFileReference; includeInIndex = 1; lastKnownFileType = text.xcconfig; name = "Pods-NBAlite.release.xcconfig"; path = "Pods/Target Support Files/Pods-NBAlite/Pods-NBAlite.release.xcconfig"; sourceTree = "<group>"; };
		D5426C73D3B38405B02DCBC8 /* Pods-NBAlite.debug.xcconfig */ = {isa = PBXFileReference; includeInIndex = 1; lastKnownFileType = text.xcconfig; name = "Pods-NBAlite.debug.xcconfig"; path = "Pods/Target Support Files/Pods-NBAlite/Pods-NBAlite.debug.xcconfig"; sourceTree = "<group>"; };
		D93FBFF8E55553A874ABDA00 /* Pods-NBAliteUITests.debug.xcconfig */ = {isa = PBXFileReference; includeInIndex = 1; lastKnownFileType = text.xcconfig; name = "Pods-NBAliteUITests.debug.xcconfig"; path = "Pods/Target Support Files/Pods-NBAliteUITests/Pods-NBAliteUITests.debug.xcconfig"; sourceTree = "<group>"; };
/* End PBXFileReference section */

/* Begin PBXFrameworksBuildPhase section */
		8527732320D1777200E75F06 /* Frameworks */ = {
			isa = PBXFrameworksBuildPhase;
			buildActionMask = 2147483647;
			files = (
				ECE9E69BE3DDCE0F677BE975 /* Pods_NBAlite.framework in Frameworks */,
			);
			runOnlyForDeploymentPostprocessing = 0;
		};
		8527733720D1777700E75F06 /* Frameworks */ = {
			isa = PBXFrameworksBuildPhase;
			buildActionMask = 2147483647;
			files = (
				E80C9BB6CCB4DABBAA6F2FFA /* Pods_NBAliteTests.framework in Frameworks */,
			);
			runOnlyForDeploymentPostprocessing = 0;
		};
		8527734220D1777700E75F06 /* Frameworks */ = {
			isa = PBXFrameworksBuildPhase;
			buildActionMask = 2147483647;
			files = (
				39A34CD1D2F553BBCDAB1A91 /* Pods_NBAliteUITests.framework in Frameworks */,
			);
			runOnlyForDeploymentPostprocessing = 0;
		};
/* End PBXFrameworksBuildPhase section */

/* Begin PBXGroup section */
		0A34352AE2AEC3C468F1BE1E /* Pods */ = {
			isa = PBXGroup;
			children = (
				D5426C73D3B38405B02DCBC8 /* Pods-NBAlite.debug.xcconfig */,
				C9B0C980CBAA2DAE8115DB32 /* Pods-NBAlite.release.xcconfig */,
				4F872F289007CDC4E7B5BC04 /* Pods-NBAliteTests.debug.xcconfig */,
				BA650779FDECD71D4B30D399 /* Pods-NBAliteTests.release.xcconfig */,
				D93FBFF8E55553A874ABDA00 /* Pods-NBAliteUITests.debug.xcconfig */,
				102A09B39F95DA866412A7AD /* Pods-NBAliteUITests.release.xcconfig */,
			);
			name = Pods;
			sourceTree = "<group>";
		};
		8527731D20D1777200E75F06 = {
			isa = PBXGroup;
			children = (
				8527732820D1777200E75F06 /* NBAlite */,
				8527733D20D1777700E75F06 /* NBAliteTests */,
				8527734820D1777700E75F06 /* NBAliteUITests */,
				8527732720D1777200E75F06 /* Products */,
				0A34352AE2AEC3C468F1BE1E /* Pods */,
				CC98D22652500085EF6C08E3 /* Frameworks */,
			);
			sourceTree = "<group>";
		};
		8527732720D1777200E75F06 /* Products */ = {
			isa = PBXGroup;
			children = (
				8527732620D1777200E75F06 /* NBAlite.app */,
				8527733A20D1777700E75F06 /* NBAliteTests.xctest */,
				8527734520D1777700E75F06 /* NBAliteUITests.xctest */,
			);
			name = Products;
			sourceTree = "<group>";
		};
		8527732820D1777200E75F06 /* NBAlite */ = {
			isa = PBXGroup;
			children = (
				8527736220D254D300E75F06 /* Nba_logo.json */,
				8527735B20D230DB00E75F06 /* Model */,
				8527735A20D22FF500E75F06 /* Controller */,
				8527735720D22EBC00E75F06 /* View */,
				8527732920D1777200E75F06 /* AppDelegate.swift */,
				8527733020D1777600E75F06 /* Assets.xcassets */,
				8527733520D1777600E75F06 /* Info.plist */,
			);
			path = NBAlite;
			sourceTree = "<group>";
		};
		8527733D20D1777700E75F06 /* NBAliteTests */ = {
			isa = PBXGroup;
			children = (
				8527733E20D1777700E75F06 /* NBAliteTests.swift */,
				8527734020D1777700E75F06 /* Info.plist */,
			);
			path = NBAliteTests;
			sourceTree = "<group>";
		};
		8527734820D1777700E75F06 /* NBAliteUITests */ = {
			isa = PBXGroup;
			children = (
				8527734920D1777700E75F06 /* NBAliteUITests.swift */,
				8527734B20D1777700E75F06 /* Info.plist */,
			);
			path = NBAliteUITests;
			sourceTree = "<group>";
		};
		8527735720D22EBC00E75F06 /* View */ = {
			isa = PBXGroup;
			children = (
				856F07E720DDB5E90048784D /* VideoCell.swift */,
				8527735820D22EF900E75F06 /* TeamCell.swift */,
				853FDE2420D60D5B004557E0 /* PlayerCell.swift */,
				85B18C7020D80175007B879B /* MenuCell.swift */,
			);
			path = View;
			sourceTree = "<group>";
		};
		8527735A20D22FF500E75F06 /* Controller */ = {
			isa = PBXGroup;
			children = (
				8527736720D5E48100E75F06 /* PlayerView.swift */,
				856F07DD20DD85F10048784D /* VideoView.swift */,
				8527736B20D5EAEC00E75F06 /* NavController.swift */,
				8527732B20D1777300E75F06 /* ViewController.swift */,
				85B18C6E20D7EECC007B879B /* TeamMenu.swift */,
				856F07E120DDB3B50048784D /* VideoSingleView.swift */,
			);
			path = Controller;
			sourceTree = "<group>";
		};
		8527735B20D230DB00E75F06 /* Model */ = {
			isa = PBXGroup;
			children = (
				8527735E20D2318B00E75F06 /* Team.swift */,
				853FDE2620D60DA3004557E0 /* Player.swift */,
				85B18C7220D80D66007B879B /* Menu.swift */,
				856F07D920DD80DF0048784D /* Video.swift */,
			);
			path = Model;
			sourceTree = "<group>";
		};
		CC98D22652500085EF6C08E3 /* Frameworks */ = {
			isa = PBXGroup;
			children = (
				10FE0C54A77F4FF33610B9E2 /* Pods_NBAlite.framework */,
				5D6459A49696A4FD3F84B0C0 /* Pods_NBAliteTests.framework */,
				42EEF4B2395261CFA2ADE770 /* Pods_NBAliteUITests.framework */,
			);
			name = Frameworks;
			sourceTree = "<group>";
		};
/* End PBXGroup section */

/* Begin PBXNativeTarget section */
		8527732520D1777200E75F06 /* NBAlite */ = {
			isa = PBXNativeTarget;
			buildConfigurationList = 8527734E20D1777700E75F06 /* Build configuration list for PBXNativeTarget "NBAlite" */;
			buildPhases = (
				27B2DABF3F74DE2D9F6897EB /* [CP] Check Pods Manifest.lock */,
				8527732220D1777200E75F06 /* Sources */,
				8527732320D1777200E75F06 /* Frameworks */,
				8527732420D1777200E75F06 /* Resources */,
				9C98956BD205DDD4203E8880 /* [CP] Embed Pods Frameworks */,
			);
			buildRules = (
			);
			dependencies = (
			);
			name = NBAlite;
			productName = NBAlite;
			productReference = 8527732620D1777200E75F06 /* NBAlite.app */;
			productType = "com.apple.product-type.application";
		};
		8527733920D1777700E75F06 /* NBAliteTests */ = {
			isa = PBXNativeTarget;
			buildConfigurationList = 8527735120D1777700E75F06 /* Build configuration list for PBXNativeTarget "NBAliteTests" */;
			buildPhases = (
				FA4F56609BF0FC6827F3E44B /* [CP] Check Pods Manifest.lock */,
				8527733620D1777700E75F06 /* Sources */,
				8527733720D1777700E75F06 /* Frameworks */,
				8527733820D1777700E75F06 /* Resources */,
			);
			buildRules = (
			);
			dependencies = (
				8527733C20D1777700E75F06 /* PBXTargetDependency */,
			);
			name = NBAliteTests;
			productName = NBAliteTests;
			productReference = 8527733A20D1777700E75F06 /* NBAliteTests.xctest */;
			productType = "com.apple.product-type.bundle.unit-test";
		};
		8527734420D1777700E75F06 /* NBAliteUITests */ = {
			isa = PBXNativeTarget;
			buildConfigurationList = 8527735420D1777700E75F06 /* Build configuration list for PBXNativeTarget "NBAliteUITests" */;
			buildPhases = (
				D06A0DA9D50E953E4002EA3D /* [CP] Check Pods Manifest.lock */,
				8527734120D1777700E75F06 /* Sources */,
				8527734220D1777700E75F06 /* Frameworks */,
				8527734320D1777700E75F06 /* Resources */,
			);
			buildRules = (
			);
			dependencies = (
				8527734720D1777700E75F06 /* PBXTargetDependency */,
			);
			name = NBAliteUITests;
			productName = NBAliteUITests;
			productReference = 8527734520D1777700E75F06 /* NBAliteUITests.xctest */;
			productType = "com.apple.product-type.bundle.ui-testing";
		};
/* End PBXNativeTarget section */

/* Begin PBXProject section */
		8527731E20D1777200E75F06 /* Project object */ = {
			isa = PBXProject;
			attributes = {
				LastSwiftUpdateCheck = 0940;
				LastUpgradeCheck = 0940;
				ORGANIZATIONNAME = "Jeremiah Ayeni";
				TargetAttributes = {
					8527732520D1777200E75F06 = {
						CreatedOnToolsVersion = 9.4;
					};
					8527733920D1777700E75F06 = {
						CreatedOnToolsVersion = 9.4;
						TestTargetID = 8527732520D1777200E75F06;
					};
					8527734420D1777700E75F06 = {
						CreatedOnToolsVersion = 9.4;
						TestTargetID = 8527732520D1777200E75F06;
					};
				};
			};
			buildConfigurationList = 8527732120D1777200E75F06 /* Build configuration list for PBXProject "NBAlite" */;
			compatibilityVersion = "Xcode 9.3";
			developmentRegion = en;
			hasScannedForEncodings = 0;
			knownRegions = (
				en,
				Base,
			);
			mainGroup = 8527731D20D1777200E75F06;
			productRefGroup = 8527732720D1777200E75F06 /* Products */;
			projectDirPath = "";
			projectRoot = "";
			targets = (
				8527732520D1777200E75F06 /* NBAlite */,
				8527733920D1777700E75F06 /* NBAliteTests */,
				8527734420D1777700E75F06 /* NBAliteUITests */,
			);
		};
/* End PBXProject section */

/* Begin PBXResourcesBuildPhase section */
		8527732420D1777200E75F06 /* Resources */ = {
			isa = PBXResourcesBuildPhase;
			buildActionMask = 2147483647;
			files = (
				8527736320D254D300E75F06 /* Nba_logo.json in Resources */,
				8527733120D1777600E75F06 /* Assets.xcassets in Resources */,
			);
			runOnlyForDeploymentPostprocessing = 0;
		};
		8527733820D1777700E75F06 /* Resources */ = {
			isa = PBXResourcesBuildPhase;
			buildActionMask = 2147483647;
			files = (
			);
			runOnlyForDeploymentPostprocessing = 0;
		};
		8527734320D1777700E75F06 /* Resources */ = {
			isa = PBXResourcesBuildPhase;
			buildActionMask = 2147483647;
			files = (
			);
			runOnlyForDeploymentPostprocessing = 0;
		};
/* End PBXResourcesBuildPhase section */

/* Begin PBXShellScriptBuildPhase section */
		27B2DABF3F74DE2D9F6897EB /* [CP] Check Pods Manifest.lock */ = {
			isa = PBXShellScriptBuildPhase;
			buildActionMask = 2147483647;
			files = (
			);
			inputPaths = (
				"${PODS_PODFILE_DIR_PATH}/Podfile.lock",
				"${PODS_ROOT}/Manifest.lock",
			);
			name = "[CP] Check Pods Manifest.lock";
			outputPaths = (
				"$(DERIVED_FILE_DIR)/Pods-NBAlite-checkManifestLockResult.txt",
			);
			runOnlyForDeploymentPostprocessing = 0;
			shellPath = /bin/sh;
			shellScript = "diff \"${PODS_PODFILE_DIR_PATH}/Podfile.lock\" \"${PODS_ROOT}/Manifest.lock\" > /dev/null\nif [ $? != 0 ] ; then\n    # print error to STDERR\n    echo \"error: The sandbox is not in sync with the Podfile.lock. Run 'pod install' or update your CocoaPods installation.\" >&2\n    exit 1\nfi\n# This output is used by Xcode 'outputs' to avoid re-running this script phase.\necho \"SUCCESS\" > \"${SCRIPT_OUTPUT_FILE_0}\"\n";
			showEnvVarsInLog = 0;
		};
		9C98956BD205DDD4203E8880 /* [CP] Embed Pods Frameworks */ = {
			isa = PBXShellScriptBuildPhase;
			buildActionMask = 2147483647;
			files = (
			);
			inputPaths = (
				"${SRCROOT}/Pods/Target Support Files/Pods-NBAlite/Pods-NBAlite-frameworks.sh",
				"${BUILT_PRODUCTS_DIR}/Alamofire/Alamofire.framework",
				"${BUILT_PRODUCTS_DIR}/youtube-ios-player-helper/youtube_ios_player_helper.framework",
			);
			name = "[CP] Embed Pods Frameworks";
			outputPaths = (
				"${TARGET_BUILD_DIR}/${FRAMEWORKS_FOLDER_PATH}/Alamofire.framework",
				"${TARGET_BUILD_DIR}/${FRAMEWORKS_FOLDER_PATH}/youtube_ios_player_helper.framework",
			);
			runOnlyForDeploymentPostprocessing = 0;
			shellPath = /bin/sh;
			shellScript = "\"${SRCROOT}/Pods/Target Support Files/Pods-NBAlite/Pods-NBAlite-frameworks.sh\"\n";
			showEnvVarsInLog = 0;
		};
		D06A0DA9D50E953E4002EA3D /* [CP] Check Pods Manifest.lock */ = {
			isa = PBXShellScriptBuildPhase;
			buildActionMask = 2147483647;
			files = (
			);
			inputPaths = (
				"${PODS_PODFILE_DIR_PATH}/Podfile.lock",
				"${PODS_ROOT}/Manifest.lock",
			);
			name = "[CP] Check Pods Manifest.lock";
			outputPaths = (
				"$(DERIVED_FILE_DIR)/Pods-NBAliteUITests-checkManifestLockResult.txt",
			);
			runOnlyForDeploymentPostprocessing = 0;
			shellPath = /bin/sh;
			shellScript = "diff \"${PODS_PODFILE_DIR_PATH}/Podfile.lock\" \"${PODS_ROOT}/Manifest.lock\" > /dev/null\nif [ $? != 0 ] ; then\n    # print error to STDERR\n    echo \"error: The sandbox is not in sync with the Podfile.lock. Run 'pod install' or update your CocoaPods installation.\" >&2\n    exit 1\nfi\n# This output is used by Xcode 'outputs' to avoid re-running this script phase.\necho \"SUCCESS\" > \"${SCRIPT_OUTPUT_FILE_0}\"\n";
			showEnvVarsInLog = 0;
		};
		FA4F56609BF0FC6827F3E44B /* [CP] Check Pods Manifest.lock */ = {
			isa = PBXShellScriptBuildPhase;
			buildActionMask = 2147483647;
			files = (
			);
			inputPaths = (
				"${PODS_PODFILE_DIR_PATH}/Podfile.lock",
				"${PODS_ROOT}/Manifest.lock",
			);
			name = "[CP] Check Pods Manifest.lock";
			outputPaths = (
				"$(DERIVED_FILE_DIR)/Pods-NBAliteTests-checkManifestLockResult.txt",
			);
			runOnlyForDeploymentPostprocessing = 0;
			shellPath = /bin/sh;
			shellScript = "diff \"${PODS_PODFILE_DIR_PATH}/Podfile.lock\" \"${PODS_ROOT}/Manifest.lock\" > /dev/null\nif [ $? != 0 ] ; then\n    # print error to STDERR\n    echo \"error: The sandbox is not in sync with the Podfile.lock. Run 'pod install' or update your CocoaPods installation.\" >&2\n    exit 1\nfi\n# This output is used by Xcode 'outputs' to avoid re-running this script phase.\necho \"SUCCESS\" > \"${SCRIPT_OUTPUT_FILE_0}\"\n";
			showEnvVarsInLog = 0;
		};
/* End PBXShellScriptBuildPhase section */

/* Begin PBXSourcesBuildPhase section */
		8527732220D1777200E75F06 /* Sources */ = {
			isa = PBXSourcesBuildPhase;
			buildActionMask = 2147483647;
			files = (
				8527732C20D1777300E75F06 /* ViewController.swift in Sources */,
				856F07E820DDB5E90048784D /* VideoCell.swift in Sources */,
				856F07DA20DD80DF0048784D /* Video.swift in Sources */,
				856F07E220DDB3B50048784D /* VideoSingleView.swift in Sources */,
				85B18C6F20D7EECC007B879B /* TeamMenu.swift in Sources */,
				8527732A20D1777200E75F06 /* AppDelegate.swift in Sources */,
				853FDE2520D60D5B004557E0 /* PlayerCell.swift in Sources */,
				8527735F20D2318B00E75F06 /* Team.swift in Sources */,
				85B18C7320D80D66007B879B /* Menu.swift in Sources */,
				856F07DE20DD85F10048784D /* VideoView.swift in Sources */,
				853FDE2720D60DA3004557E0 /* Player.swift in Sources */,
				85B18C7120D80175007B879B /* MenuCell.swift in Sources */,
				8527736820D5E48100E75F06 /* PlayerView.swift in Sources */,
				8527735920D22EF900E75F06 /* TeamCell.swift in Sources */,
				8527736C20D5EAEC00E75F06 /* NavController.swift in Sources */,
			);
			runOnlyForDeploymentPostprocessing = 0;
		};
		8527733620D1777700E75F06 /* Sources */ = {
			isa = PBXSourcesBuildPhase;
			buildActionMask = 2147483647;
			files = (
				8527733F20D1777700E75F06 /* NBAliteTests.swift in Sources */,
			);
			runOnlyForDeploymentPostprocessing = 0;
		};
		8527734120D1777700E75F06 /* Sources */ = {
			isa = PBXSourcesBuildPhase;
			buildActionMask = 2147483647;
			files = (
				8527734A20D1777700E75F06 /* NBAliteUITests.swift in Sources */,
			);
			runOnlyForDeploymentPostprocessing = 0;
		};
/* End PBXSourcesBuildPhase section */

/* Begin PBXTargetDependency section */
		8527733C20D1777700E75F06 /* PBXTargetDependency */ = {
			isa = PBXTargetDependency;
			target = 8527732520D1777200E75F06 /* NBAlite */;
			targetProxy = 8527733B20D1777700E75F06 /* PBXContainerItemProxy */;
		};
		8527734720D1777700E75F06 /* PBXTargetDependency */ = {
			isa = PBXTargetDependency;
			target = 8527732520D1777200E75F06 /* NBAlite */;
			targetProxy = 8527734620D1777700E75F06 /* PBXContainerItemProxy */;
		};
/* End PBXTargetDependency section */

/* Begin XCBuildConfiguration section */
		8527734C20D1777700E75F06 /* Debug */ = {
			isa = XCBuildConfiguration;
			buildSettings = {
				ALWAYS_SEARCH_USER_PATHS = NO;
				CLANG_ANALYZER_NONNULL = YES;
				CLANG_ANALYZER_NUMBER_OBJECT_CONVERSION = YES_AGGRESSIVE;
				CLANG_CXX_LANGUAGE_STANDARD = "gnu++14";
				CLANG_CXX_LIBRARY = "libc++";
				CLANG_ENABLE_MODULES = YES;
				CLANG_ENABLE_OBJC_ARC = YES;
				CLANG_ENABLE_OBJC_WEAK = YES;
				CLANG_WARN_BLOCK_CAPTURE_AUTORELEASING = YES;
				CLANG_WARN_BOOL_CONVERSION = YES;
				CLANG_WARN_COMMA = YES;
				CLANG_WARN_CONSTANT_CONVERSION = YES;
				CLANG_WARN_DEPRECATED_OBJC_IMPLEMENTATIONS = YES;
				CLANG_WARN_DIRECT_OBJC_ISA_USAGE = YES_ERROR;
				CLANG_WARN_DOCUMENTATION_COMMENTS = YES;
				CLANG_WARN_EMPTY_BODY = YES;
				CLANG_WARN_ENUM_CONVERSION = YES;
				CLANG_WARN_INFINITE_RECURSION = YES;
				CLANG_WARN_INT_CONVERSION = YES;
				CLANG_WARN_NON_LITERAL_NULL_CONVERSION = YES;
				CLANG_WARN_OBJC_IMPLICIT_RETAIN_SELF = YES;
				CLANG_WARN_OBJC_LITERAL_CONVERSION = YES;
				CLANG_WARN_OBJC_ROOT_CLASS = YES_ERROR;
				CLANG_WARN_RANGE_LOOP_ANALYSIS = YES;
				CLANG_WARN_STRICT_PROTOTYPES = YES;
				CLANG_WARN_SUSPICIOUS_MOVE = YES;
				CLANG_WARN_UNGUARDED_AVAILABILITY = YES_AGGRESSIVE;
				CLANG_WARN_UNREACHABLE_CODE = YES;
				CLANG_WARN__DUPLICATE_METHOD_MATCH = YES;
				CODE_SIGN_IDENTITY = "iPhone Developer";
				COPY_PHASE_STRIP = NO;
				DEBUG_INFORMATION_FORMAT = dwarf;
				ENABLE_STRICT_OBJC_MSGSEND = YES;
				ENABLE_TESTABILITY = YES;
				GCC_C_LANGUAGE_STANDARD = gnu11;
				GCC_DYNAMIC_NO_PIC = NO;
				GCC_NO_COMMON_BLOCKS = YES;
				GCC_OPTIMIZATION_LEVEL = 0;
				GCC_PREPROCESSOR_DEFINITIONS = (
					"DEBUG=1",
					"$(inherited)",
				);
				GCC_WARN_64_TO_32_BIT_CONVERSION = YES;
				GCC_WARN_ABOUT_RETURN_TYPE = YES_ERROR;
				GCC_WARN_UNDECLARED_SELECTOR = YES;
				GCC_WARN_UNINITIALIZED_AUTOS = YES_AGGRESSIVE;
				GCC_WARN_UNUSED_FUNCTION = YES;
				GCC_WARN_UNUSED_VARIABLE = YES;
				IPHONEOS_DEPLOYMENT_TARGET = 11.4;
				MTL_ENABLE_DEBUG_INFO = YES;
				ONLY_ACTIVE_ARCH = YES;
				SDKROOT = iphoneos;
				SWIFT_ACTIVE_COMPILATION_CONDITIONS = DEBUG;
				SWIFT_OPTIMIZATION_LEVEL = "-Onone";
			};
			name = Debug;
		};
		8527734D20D1777700E75F06 /* Release */ = {
			isa = XCBuildConfiguration;
			buildSettings = {
				ALWAYS_SEARCH_USER_PATHS = NO;
				CLANG_ANALYZER_NONNULL = YES;
				CLANG_ANALYZER_NUMBER_OBJECT_CONVERSION = YES_AGGRESSIVE;
				CLANG_CXX_LANGUAGE_STANDARD = "gnu++14";
				CLANG_CXX_LIBRARY = "libc++";
				CLANG_ENABLE_MODULES = YES;
				CLANG_ENABLE_OBJC_ARC = YES;
				CLANG_ENABLE_OBJC_WEAK = YES;
				CLANG_WARN_BLOCK_CAPTURE_AUTORELEASING = YES;
				CLANG_WARN_BOOL_CONVERSION = YES;
				CLANG_WARN_COMMA = YES;
				CLANG_WARN_CONSTANT_CONVERSION = YES;
				CLANG_WARN_DEPRECATED_OBJC_IMPLEMENTATIONS = YES;
				CLANG_WARN_DIRECT_OBJC_ISA_USAGE = YES_ERROR;
				CLANG_WARN_DOCUMENTATION_COMMENTS = YES;
				CLANG_WARN_EMPTY_BODY = YES;
				CLANG_WARN_ENUM_CONVERSION = YES;
				CLANG_WARN_INFINITE_RECURSION = YES;
				CLANG_WARN_INT_CONVERSION = YES;
				CLANG_WARN_NON_LITERAL_NULL_CONVERSION = YES;
				CLANG_WARN_OBJC_IMPLICIT_RETAIN_SELF = YES;
				CLANG_WARN_OBJC_LITERAL_CONVERSION = YES;
				CLANG_WARN_OBJC_ROOT_CLASS = YES_ERROR;
				CLANG_WARN_RANGE_LOOP_ANALYSIS = YES;
				CLANG_WARN_STRICT_PROTOTYPES = YES;
				CLANG_WARN_SUSPICIOUS_MOVE = YES;
				CLANG_WARN_UNGUARDED_AVAILABILITY = YES_AGGRESSIVE;
				CLANG_WARN_UNREACHABLE_CODE = YES;
				CLANG_WARN__DUPLICATE_METHOD_MATCH = YES;
				CODE_SIGN_IDENTITY = "iPhone Developer";
				COPY_PHASE_STRIP = NO;
				DEBUG_INFORMATION_FORMAT = "dwarf-with-dsym";
				ENABLE_NS_ASSERTIONS = NO;
				ENABLE_STRICT_OBJC_MSGSEND = YES;
				GCC_C_LANGUAGE_STANDARD = gnu11;
				GCC_NO_COMMON_BLOCKS = YES;
				GCC_WARN_64_TO_32_BIT_CONVERSION = YES;
				GCC_WARN_ABOUT_RETURN_TYPE = YES_ERROR;
				GCC_WARN_UNDECLARED_SELECTOR = YES;
				GCC_WARN_UNINITIALIZED_AUTOS = YES_AGGRESSIVE;
				GCC_WARN_UNUSED_FUNCTION = YES;
				GCC_WARN_UNUSED_VARIABLE = YES;
				IPHONEOS_DEPLOYMENT_TARGET = 11.4;
				MTL_ENABLE_DEBUG_INFO = NO;
				SDKROOT = iphoneos;
				SWIFT_COMPILATION_MODE = wholemodule;
				SWIFT_OPTIMIZATION_LEVEL = "-O";
				VALIDATE_PRODUCT = YES;
			};
			name = Release;
		};
		8527734F20D1777700E75F06 /* Debug */ = {
			isa = XCBuildConfiguration;
			baseConfigurationReference = D5426C73D3B38405B02DCBC8 /* Pods-NBAlite.debug.xcconfig */;
			buildSettings = {
				ASSETCATALOG_COMPILER_APPICON_NAME = AppIcon;
				CODE_SIGN_STYLE = Automatic;
				INFOPLIST_FILE = NBAlite/Info.plist;
				LD_RUNPATH_SEARCH_PATHS = (
					"$(inherited)",
					"@executable_path/Frameworks",
				);
				PRODUCT_BUNDLE_IDENTIFIER = "-.NBAlite";
				PRODUCT_NAME = "$(TARGET_NAME)";
				SWIFT_VERSION = 4.0;
				TARGETED_DEVICE_FAMILY = "1,2";
			};
			name = Debug;
		};
		8527735020D1777700E75F06 /* Release */ = {
			isa = XCBuildConfiguration;
			baseConfigurationReference = C9B0C980CBAA2DAE8115DB32 /* Pods-NBAlite.release.xcconfig */;
			buildSettings = {
				ASSETCATALOG_COMPILER_APPICON_NAME = AppIcon;
				CODE_SIGN_STYLE = Automatic;
				INFOPLIST_FILE = NBAlite/Info.plist;
				LD_RUNPATH_SEARCH_PATHS = (
					"$(inherited)",
					"@executable_path/Frameworks",
				);
				PRODUCT_BUNDLE_IDENTIFIER = "-.NBAlite";
				PRODUCT_NAME = "$(TARGET_NAME)";
				SWIFT_VERSION = 4.0;
				TARGETED_DEVICE_FAMILY = "1,2";
			};
			name = Release;
		};
		8527735220D1777700E75F06 /* Debug */ = {
			isa = XCBuildConfiguration;
			baseConfigurationReference = 4F872F289007CDC4E7B5BC04 /* Pods-NBAliteTests.debug.xcconfig */;
			buildSettings = {
				ALWAYS_EMBED_SWIFT_STANDARD_LIBRARIES = YES;
				BUNDLE_LOADER = "$(TEST_HOST)";
				CODE_SIGN_STYLE = Automatic;
				INFOPLIST_FILE = NBAliteTests/Info.plist;
				LD_RUNPATH_SEARCH_PATHS = (
					"$(inherited)",
					"@executable_path/Frameworks",
					"@loader_path/Frameworks",
				);
				PRODUCT_BUNDLE_IDENTIFIER = "-.NBAliteTests";
				PRODUCT_NAME = "$(TARGET_NAME)";
				SWIFT_VERSION = 4.0;
				TARGETED_DEVICE_FAMILY = "1,2";
				TEST_HOST = "$(BUILT_PRODUCTS_DIR)/NBAlite.app/NBAlite";
			};
			name = Debug;
		};
		8527735320D1777700E75F06 /* Release */ = {
			isa = XCBuildConfiguration;
			baseConfigurationReference = BA650779FDECD71D4B30D399 /* Pods-NBAliteTests.release.xcconfig */;
			buildSettings = {
				ALWAYS_EMBED_SWIFT_STANDARD_LIBRARIES = YES;
				BUNDLE_LOADER = "$(TEST_HOST)";
				CODE_SIGN_STYLE = Automatic;
				INFOPLIST_FILE = NBAliteTests/Info.plist;
				LD_RUNPATH_SEARCH_PATHS = (
					"$(inherited)",
					"@executable_path/Frameworks",
					"@loader_path/Frameworks",
				);
				PRODUCT_BUNDLE_IDENTIFIER = "-.NBAliteTests";
				PRODUCT_NAME = "$(TARGET_NAME)";
				SWIFT_VERSION = 4.0;
				TARGETED_DEVICE_FAMILY = "1,2";
				TEST_HOST = "$(BUILT_PRODUCTS_DIR)/NBAlite.app/NBAlite";
			};
			name = Release;
		};
		8527735520D1777700E75F06 /* Debug */ = {
			isa = XCBuildConfiguration;
			baseConfigurationReference = D93FBFF8E55553A874ABDA00 /* Pods-NBAliteUITests.debug.xcconfig */;
			buildSettings = {
				ALWAYS_EMBED_SWIFT_STANDARD_LIBRARIES = YES;
				CODE_SIGN_STYLE = Automatic;
				INFOPLIST_FILE = NBAliteUITests/Info.plist;
				LD_RUNPATH_SEARCH_PATHS = (
					"$(inherited)",
					"@executable_path/Frameworks",
					"@loader_path/Frameworks",
				);
				PRODUCT_BUNDLE_IDENTIFIER = "-.NBAliteUITests";
				PRODUCT_NAME = "$(TARGET_NAME)";
				SWIFT_VERSION = 4.0;
				TARGETED_DEVICE_FAMILY = "1,2";
				TEST_TARGET_NAME = NBAlite;
			};
			name = Debug;
		};
		8527735620D1777700E75F06 /* Release */ = {
			isa = XCBuildConfiguration;
			baseConfigurationReference = 102A09B39F95DA866412A7AD /* Pods-NBAliteUITests.release.xcconfig */;
			buildSettings = {
				ALWAYS_EMBED_SWIFT_STANDARD_LIBRARIES = YES;
				CODE_SIGN_STYLE = Automatic;
				INFOPLIST_FILE = NBAliteUITests/Info.plist;
				LD_RUNPATH_SEARCH_PATHS = (
					"$(inherited)",
					"@executable_path/Frameworks",
					"@loader_path/Frameworks",
				);
				PRODUCT_BUNDLE_IDENTIFIER = "-.NBAliteUITests";
				PRODUCT_NAME = "$(TARGET_NAME)";
				SWIFT_VERSION = 4.0;
				TARGETED_DEVICE_FAMILY = "1,2";
				TEST_TARGET_NAME = NBAlite;
			};
			name = Release;
		};
/* End XCBuildConfiguration section */

/* Begin XCConfigurationList section */
		8527732120D1777200E75F06 /* Build configuration list for PBXProject "NBAlite" */ = {
			isa = XCConfigurationList;
			buildConfigurations = (
				8527734C20D1777700E75F06 /* Debug */,
				8527734D20D1777700E75F06 /* Release */,
			);
			defaultConfigurationIsVisible = 0;
			defaultConfigurationName = Release;
		};
		8527734E20D1777700E75F06 /* Build configuration list for PBXNativeTarget "NBAlite" */ = {
			isa = XCConfigurationList;
			buildConfigurations = (
				8527734F20D1777700E75F06 /* Debug */,
				8527735020D1777700E75F06 /* Release */,
			);
			defaultConfigurationIsVisible = 0;
			defaultConfigurationName = Release;
		};
		8527735120D1777700E75F06 /* Build configuration list for PBXNativeTarget "NBAliteTests" */ = {
			isa = XCConfigurationList;
			buildConfigurations = (
				8527735220D1777700E75F06 /* Debug */,
				8527735320D1777700E75F06 /* Release */,
			);
			defaultConfigurationIsVisible = 0;
			defaultConfigurationName = Release;
		};
		8527735420D1777700E75F06 /* Build configuration list for PBXNativeTarget "NBAliteUITests" */ = {
			isa = XCConfigurationList;
			buildConfigurations = (
				8527735520D1777700E75F06 /* Debug */,
				8527735620D1777700E75F06 /* Release */,
			);
			defaultConfigurationIsVisible = 0;
			defaultConfigurationName = Release;
		};
/* End XCConfigurationList section */
	};
	rootObject = 8527731E20D1777200E75F06 /* Project object */;
}
